
Microsoft Visual Studio Solution File, Format Version 12.00
# Visual Studio 14
VisualStudioVersion = 14.0.25420.1
MinimumVisualStudioVersion = 10.0.40219.1
Project("{FAE04EC0-301F-11D3-BF4B-00C04F79EFBC}") = "AndroidLayoutToProperties", "AndroidLayoutToProperties\AndroidLayoutToProperties.csproj", "{178F19E0-8577-4840-86A2-739337D9268A}"
EndProject
Project("{FAE04EC0-301F-11D3-BF4B-00C04F79EFBC}") = "AndroidLayoutToCSharp.Console", "AndroidLayoutToCSharp.Console\AndroidLayoutToCSharp.Console.csproj", "{F0B8691E-6447-4704-B42F-79BEC66449C6}"
EndProject
Global
	GlobalSection(SolutionConfigurationPlatforms) = preSolution
		Debug|ARM = Debug|ARM
		Debug|x64 = Debug|x64
		Debug|x86 = Debug|x86
		Release|ARM = Release|ARM
		Release|x64 = Release|x64
		Release|x86 = Release|x86
	EndGlobalSection
	GlobalSection(ProjectConfigurationPlatforms) = postSolution
		{178F19E0-8577-4840-86A2-739337D9268A}.Debug|ARM.ActiveCfg = Debug|ARM
		{178F19E0-8577-4840-86A2-739337D9268A}.Debug|ARM.Build.0 = Debug|ARM
		{178F19E0-8577-4840-86A2-739337D9268A}.Debug|ARM.Deploy.0 = Debug|ARM
		{178F19E0-8577-4840-86A2-739337D9268A}.Debug|x64.ActiveCfg = Debug|x64
		{178F19E0-8577-4840-86A2-739337D9268A}.Debug|x64.Build.0 = Debug|x64
		{178F19E0-8577-4840-86A2-739337D9268A}.Debug|x64.Deploy.0 = Debug|x64
		{178F19E0-8577-4840-86A2-739337D9268A}.Debug|x86.ActiveCfg = Debug|x86
		{178F19E0-8577-4840-86A2-739337D9268A}.Debug|x86.Build.0 = Debug|x86
		{178F19E0-8577-4840-86A2-739337D9268A}.Debug|x86.Deploy.0 = Debug|x86
		{178F19E0-8577-4840-86A2-739337D9268A}.Release|ARM.ActiveCfg = Release|ARM
		{178F19E0-8577-4840-86A2-739337D9268A}.Release|ARM.Build.0 = Release|ARM
		{178F19E0-8577-4840-86A2-739337D9268A}.Release|ARM.Deploy.0 = Release|ARM
		{178F19E0-8577-4840-86A2-739337D9268A}.Release|x64.ActiveCfg = Release|x64
		{178F19E0-8577-4840-86A2-739337D9268A}.Release|x64.Build.0 = Release|x64
		{178F19E0-8577-4840-86A2-739337D9268A}.Release|x64.Deploy.0 = Release|x64
		{178F19E0-8577-4840-86A2-739337D9268A}.Release|x86.ActiveCfg = Release|x86
		{178F19E0-8577-4840-86A2-739337D9268A}.Release|x86.Build.0 = Release|x86
		{178F19E0-8577-4840-86A2-739337D9268A}.Release|x86.Deploy.0 = Release|x86
		{F0B8691E-6447-4704-B42F-79BEC66449C6}.Debug|ARM.ActiveCfg = Debug|Any CPU
		{F0B8691E-6447-4704-B42F-79BEC66449C6}.Debug|ARM.Build.0 = Debug|Any CPU
		{F0B8691E-6447-4704-B42F-79BEC66449C6}.Debug|x64.ActiveCfg = Debug|Any CPU
		{F0B8691E-6447-4704-B42F-79BEC66449C6}.Debug|x64.Build.0 = Debug|Any CPU
		{F0B8691E-6447-4704-B42F-79BEC66449C6}.Debug|x86.ActiveCfg = Debug|Any CPU
		{F0B8691E-6447-4704-B42F-79BEC66449C6}.Debug|x86.Build.0 = Debug|Any CPU
		{F0B8691E-6447-4704-B42F-79BEC66449C6}.Release|ARM.ActiveCfg = Release|Any CPU
		{F0B8691E-6447-4704-B42F-79BEC66449C6}.Release|ARM.Build.0 = Release|Any CPU
		{F0B8691E-6447-4704-B42F-79BEC66449C6}.Release|x64.ActiveCfg = Release|Any CPU
		{F0B8691E-6447-4704-B42F-79BEC66449C6}.Release|x64.Build.0 = Release|Any CPU
		{F0B8691E-6447-4704-B42F-79BEC66449C6}.Release|x86.ActiveCfg = Release|Any CPU
		{F0B8691E-6447-4704-B42F-79BEC66449C6}.Release|x86.Build.0 = Release|Any CPU
	EndGlobalSection
	GlobalSection(SolutionProperties) = preSolution
		HideSolutionNode = FALSE
	EndGlobalSection
EndGlobal
